// !$*UTF8*$!
{
	archiveVersion = 1;
	classes = {
	};
	objectVersion = 56;
	objects = {

/* Begin PBXBuildFile section */
		847453152A9BBC28006BE6C1 /* ParkifyApp.swift in Sources */ = {isa = PBXBuildFile; fileRef = 847453122A9BBC27006BE6C1 /* ParkifyApp.swift */; };
		847453162A9BBC28006BE6C1 /* ParkingSpotViewModel.swift in Sources */ = {isa = PBXBuildFile; fileRef = 847453132A9BBC27006BE6C1 /* ParkingSpotViewModel.swift */; };
		847453172A9BBC28006BE6C1 /* ParkingSpotService.swift in Sources */ = {isa = PBXBuildFile; fileRef = 847453142A9BBC27006BE6C1 /* ParkingSpotService.swift */; };
		8474531A2A9BBC32006BE6C1 /* MapView.swift in Sources */ = {isa = PBXBuildFile; fileRef = 847453182A9BBC32006BE6C1 /* MapView.swift */; };
		8474531B2A9BBC32006BE6C1 /* models.swift in Sources */ = {isa = PBXBuildFile; fileRef = 847453192A9BBC32006BE6C1 /* models.swift */; };
		847453212A9BBC38006BE6C1 /* LocationManager.swift in Sources */ = {isa = PBXBuildFile; fileRef = 8474531C2A9BBC38006BE6C1 /* LocationManager.swift */; };
		847453222A9BBC38006BE6C1 /* DetailsView.swift in Sources */ = {isa = PBXBuildFile; fileRef = 8474531D2A9BBC38006BE6C1 /* DetailsView.swift */; };
		847453232A9BBC38006BE6C1 /* LandingScreen.swift in Sources */ = {isa = PBXBuildFile; fileRef = 8474531E2A9BBC38006BE6C1 /* LandingScreen.swift */; };
		847453242A9BBC38006BE6C1 /* ListView.swift in Sources */ = {isa = PBXBuildFile; fileRef = 8474531F2A9BBC38006BE6C1 /* ListView.swift */; };
		847453282A9BBC9F006BE6C1 /* StoreKit.framework in Frameworks */ = {isa = PBXBuildFile; fileRef = 847453272A9BBC9F006BE6C1 /* StoreKit.framework */; };
		847453302A9BC3C7006BE6C1 /* Preview Content.xcassets in Resources */ = {isa = PBXBuildFile; fileRef = 8474532F2A9BC3C7006BE6C1 /* Preview Content.xcassets */; };
		847453322A9BC3D9006BE6C1 /* Assets.xcassets in Resources */ = {isa = PBXBuildFile; fileRef = 847453312A9BC3D9006BE6C1 /* Assets.xcassets */; };
/* End PBXBuildFile section */

/* Begin PBXFileReference section */
		8469620D2A9A836800C68491 /* Parkify.app */ = {isa = PBXFileReference; explicitFileType = wrapper.application; includeInIndex = 0; path = Parkify.app; sourceTree = BUILT_PRODUCTS_DIR; };
		847238772A9D8F0000ED316F /* parkify-bridging-header.h */ = {isa = PBXFileReference; lastKnownFileType = sourcecode.c.h; path = "parkify-bridging-header.h"; sourceTree = "<group>"; };
		847453122A9BBC27006BE6C1 /* ParkifyApp.swift */ = {isa = PBXFileReference; fileEncoding = 4; lastKnownFileType = sourcecode.swift; name = ParkifyApp.swift; path = ../../../Dropbox/Parkify/Parkify/ParkifyApp.swift; sourceTree = "<group>"; };
		847453132A9BBC27006BE6C1 /* ParkingSpotViewModel.swift */ = {isa = PBXFileReference; fileEncoding = 4; lastKnownFileType = sourcecode.swift; name = ParkingSpotViewModel.swift; path = ../../../Dropbox/Parkify/Parkify/ParkingSpotViewModel.swift; sourceTree = "<group>"; };
		847453142A9BBC27006BE6C1 /* ParkingSpotService.swift */ = {isa = PBXFileReference; fileEncoding = 4; lastKnownFileType = sourcecode.swift; name = ParkingSpotService.swift; path = ../../../Dropbox/Parkify/Parkify/ParkingSpotService.swift; sourceTree = "<group>"; };
		847453182A9BBC32006BE6C1 /* MapView.swift */ = {isa = PBXFileReference; fileEncoding = 4; lastKnownFileType = sourcecode.swift; name = MapView.swift; path = ../../../Dropbox/Parkify/Parkify/MapView.swift; sourceTree = "<group>"; };
		847453192A9BBC32006BE6C1 /* models.swift */ = {isa = PBXFileReference; fileEncoding = 4; lastKnownFileType = sourcecode.swift; name = models.swift; path = ../../../Dropbox/Parkify/Parkify/models.swift; sourceTree = "<group>"; };
		8474531C2A9BBC38006BE6C1 /* LocationManager.swift */ = {isa = PBXFileReference; fileEncoding = 4; lastKnownFileType = sourcecode.swift; name = LocationManager.swift; path = ../../../Dropbox/Parkify/Parkify/LocationManager.swift; sourceTree = "<group>"; };
		8474531D2A9BBC38006BE6C1 /* DetailsView.swift */ = {isa = PBXFileReference; fileEncoding = 4; lastKnownFileType = sourcecode.swift; name = DetailsView.swift; path = ../../../Dropbox/Parkify/Parkify/DetailsView.swift; sourceTree = "<group>"; };
		8474531E2A9BBC38006BE6C1 /* LandingScreen.swift */ = {isa = PBXFileReference; fileEncoding = 4; lastKnownFileType = sourcecode.swift; name = LandingScreen.swift; path = ../../../Dropbox/Parkify/Parkify/LandingScreen.swift; sourceTree = "<group>"; };
		8474531F2A9BBC38006BE6C1 /* ListView.swift */ = {isa = PBXFileReference; fileEncoding = 4; lastKnownFileType = sourcecode.swift; name = ListView.swift; path = ../../../Dropbox/Parkify/Parkify/ListView.swift; sourceTree = "<group>"; };
		847453272A9BBC9F006BE6C1 /* StoreKit.framework */ = {isa = PBXFileReference; lastKnownFileType = wrapper.framework; name = StoreKit.framework; path = System/Library/Frameworks/StoreKit.framework; sourceTree = SDKROOT; };
		8474532D2A9BC1CD006BE6C1 /* StoreKitConfig.storekit */ = {isa = PBXFileReference; lastKnownFileType = text; path = StoreKitConfig.storekit; sourceTree = "<group>"; };
		8474532F2A9BC3C7006BE6C1 /* Preview Content.xcassets */ = {isa = PBXFileReference; lastKnownFileType = folder.assetcatalog; path = "Preview Content.xcassets"; sourceTree = "<group>"; };
		847453312A9BC3D9006BE6C1 /* Assets.xcassets */ = {isa = PBXFileReference; lastKnownFileType = folder.assetcatalog; path = Assets.xcassets; sourceTree = "<group>"; };
/* End PBXFileReference section */

/* Begin PBXFrameworksBuildPhase section */
		8469620A2A9A836800C68491 /* Frameworks */ = {
			isa = PBXFrameworksBuildPhase;
			buildActionMask = 2147483647;
			files = (
				847453282A9BBC9F006BE6C1 /* StoreKit.framework in Frameworks */,
			);
			runOnlyForDeploymentPostprocessing = 0;
		};
/* End PBXFrameworksBuildPhase section */

/* Begin PBXGroup section */
		846962042A9A836800C68491 = {
			isa = PBXGroup;
			children = (
				847453112A9BBC09006BE6C1 /* Parkify */,
				8469620E2A9A836800C68491 /* Products */,
				847453262A9BBC9F006BE6C1 /* Frameworks */,
			);
			sourceTree = "<group>";
		};
		8469620E2A9A836800C68491 /* Products */ = {
			isa = PBXGroup;
			children = (
				8469620D2A9A836800C68491 /* Parkify.app */,
			);
			name = Products;
			sourceTree = "<group>";
		};
		847453112A9BBC09006BE6C1 /* Parkify */ = {
			isa = PBXGroup;
			children = (
				847238772A9D8F0000ED316F /* parkify-bridging-header.h */,
				8474532D2A9BC1CD006BE6C1 /* StoreKitConfig.storekit */,
				8474531D2A9BBC38006BE6C1 /* DetailsView.swift */,
				8474531E2A9BBC38006BE6C1 /* LandingScreen.swift */,
				8474531F2A9BBC38006BE6C1 /* ListView.swift */,
				8474531C2A9BBC38006BE6C1 /* LocationManager.swift */,
				847453142A9BBC27006BE6C1 /* ParkingSpotService.swift */,
				847453122A9BBC27006BE6C1 /* ParkifyApp.swift */,
				847453132A9BBC27006BE6C1 /* ParkingSpotViewModel.swift */,
				847453182A9BBC32006BE6C1 /* MapView.swift */,
				847453192A9BBC32006BE6C1 /* models.swift */,
				8474532F2A9BC3C7006BE6C1 /* Preview Content.xcassets */,
				847453312A9BC3D9006BE6C1 /* Assets.xcassets */,
			);
			path = Parkify;
			sourceTree = "<group>";
		};
		847453262A9BBC9F006BE6C1 /* Frameworks */ = {
			isa = PBXGroup;
			children = (
				847453272A9BBC9F006BE6C1 /* StoreKit.framework */,
			);
			name = Frameworks;
			sourceTree = "<group>";
		};
/* End PBXGroup section */

/* Begin PBXNativeTarget section */
		8469620C2A9A836800C68491 /* Parkify */ = {
			isa = PBXNativeTarget;
			buildConfigurationList = 846962312A9A836B00C68491 /* Build configuration list for PBXNativeTarget "Parkify" */;
			buildPhases = (
				846962092A9A836800C68491 /* Sources */,
				8469620A2A9A836800C68491 /* Frameworks */,
				8469620B2A9A836800C68491 /* Resources */,
			);
			buildRules = (
			);
			dependencies = (
			);
			name = Parkify;
			productName = Parkify;
			productReference = 8469620D2A9A836800C68491 /* Parkify.app */;
			productType = "com.apple.product-type.application";
		};
/* End PBXNativeTarget section */

/* Begin PBXProject section */
		846962052A9A836800C68491 /* Project object */ = {
			isa = PBXProject;
			attributes = {
				BuildIndependentTargetsInParallel = 1;
				LastSwiftUpdateCheck = 1430;
				LastUpgradeCheck = 1430;
				TargetAttributes = {
					8469620C2A9A836800C68491 = {
						CreatedOnToolsVersion = 14.3.1;
						LastSwiftMigration = 1430;
					};
				};
			};
			buildConfigurationList = 846962082A9A836800C68491 /* Build configuration list for PBXProject "Parkify" */;
			compatibilityVersion = "Xcode 14.0";
			developmentRegion = en;
			hasScannedForEncodings = 0;
			knownRegions = (
				en,
				Base,
			);
			mainGroup = 846962042A9A836800C68491;
			productRefGroup = 8469620E2A9A836800C68491 /* Products */;
			projectDirPath = "";
			projectRoot = "";
			targets = (
				8469620C2A9A836800C68491 /* Parkify */,
			);
		};
/* End PBXProject section */

/* Begin PBXResourcesBuildPhase section */
		8469620B2A9A836800C68491 /* Resources */ = {
			isa = PBXResourcesBuildPhase;
			buildActionMask = 2147483647;
			files = (
				847453322A9BC3D9006BE6C1 /* Assets.xcassets in Resources */,
				847453302A9BC3C7006BE6C1 /* Preview Content.xcassets in Resources */,
			);
			runOnlyForDeploymentPostprocessing = 0;
		};
/* End PBXResourcesBuildPhase section */

/* Begin PBXSourcesBuildPhase section */
		846962092A9A836800C68491 /* Sources */ = {
			isa = PBXSourcesBuildPhase;
			buildActionMask = 2147483647;
			files = (
				8474531B2A9BBC32006BE6C1 /* models.swift in Sources */,
				847453222A9BBC38006BE6C1 /* DetailsView.swift in Sources */,
				847453172A9BBC28006BE6C1 /* ParkingSpotService.swift in Sources */,
				847453232A9BBC38006BE6C1 /* LandingScreen.swift in Sources */,
				847453212A9BBC38006BE6C1 /* LocationManager.swift in Sources */,
				8474531A2A9BBC32006BE6C1 /* MapView.swift in Sources */,
				847453152A9BBC28006BE6C1 /* ParkifyApp.swift in Sources */,
				847453162A9BBC28006BE6C1 /* ParkingSpotViewModel.swift in Sources */,
				847453242A9BBC38006BE6C1 /* ListView.swift in Sources */,
			);
			runOnlyForDeploymentPostprocessing = 0;
		};
/* End PBXSourcesBuildPhase section */

/* Begin XCBuildConfiguration section */
		8469622F2A9A836B00C68491 /* Debug */ = {
			isa = XCBuildConfiguration;
			buildSettings = {
				ALWAYS_SEARCH_USER_PATHS = NO;
				CLANG_ANALYZER_NONNULL = YES;
				CLANG_ANALYZER_NUMBER_OBJECT_CONVERSION = YES_AGGRESSIVE;
				CLANG_CXX_LANGUAGE_STANDARD = "gnu++20";
				CLANG_ENABLE_MODULES = YES;
				CLANG_ENABLE_OBJC_ARC = YES;
				CLANG_ENABLE_OBJC_WEAK = YES;
				CLANG_WARN_BLOCK_CAPTURE_AUTORELEASING = YES;
				CLANG_WARN_BOOL_CONVERSION = YES;
				CLANG_WARN_COMMA = YES;
				CLANG_WARN_CONSTANT_CONVERSION = YES;
				CLANG_WARN_DEPRECATED_OBJC_IMPLEMENTATIONS = YES;
				CLANG_WARN_DIRECT_OBJC_ISA_USAGE = YES_ERROR;
				CLANG_WARN_DOCUMENTATION_COMMENTS = YES;
				CLANG_WARN_EMPTY_BODY = YES;
				CLANG_WARN_ENUM_CONVERSION = YES;
				CLANG_WARN_INFINITE_RECURSION = YES;
				CLANG_WARN_INT_CONVERSION = YES;
				CLANG_WARN_NON_LITERAL_NULL_CONVERSION = YES;
				CLANG_WARN_OBJC_IMPLICIT_RETAIN_SELF = YES;
				CLANG_WARN_OBJC_LITERAL_CONVERSION = YES;
				CLANG_WARN_OBJC_ROOT_CLASS = YES_ERROR;
				CLANG_WARN_QUOTED_INCLUDE_IN_FRAMEWORK_HEADER = YES;
				CLANG_WARN_RANGE_LOOP_ANALYSIS = YES;
				CLANG_WARN_STRICT_PROTOTYPES = YES;
				CLANG_WARN_SUSPICIOUS_MOVE = YES;
				CLANG_WARN_UNGUARDED_AVAILABILITY = YES_AGGRESSIVE;
				CLANG_WARN_UNREACHABLE_CODE = YES;
				CLANG_WARN__DUPLICATE_METHOD_MATCH = YES;
				COPY_PHASE_STRIP = NO;
				DEBUG_INFORMATION_FORMAT = dwarf;
				ENABLE_STRICT_OBJC_MSGSEND = YES;
				ENABLE_TESTABILITY = YES;
				GCC_C_LANGUAGE_STANDARD = gnu11;
				GCC_DYNAMIC_NO_PIC = NO;
				GCC_NO_COMMON_BLOCKS = YES;
				GCC_OPTIMIZATION_LEVEL = 0;
				GCC_PREPROCESSOR_DEFINITIONS = (
					"DEBUG=1",
					"$(inherited)",
				);
				GCC_WARN_64_TO_32_BIT_CONVERSION = YES;
				GCC_WARN_ABOUT_RETURN_TYPE = YES_ERROR;
				GCC_WARN_UNDECLARED_SELECTOR = YES;
				GCC_WARN_UNINITIALIZED_AUTOS = YES_AGGRESSIVE;
				GCC_WARN_UNUSED_FUNCTION = YES;
				GCC_WARN_UNUSED_VARIABLE = YES;
				IPHONEOS_DEPLOYMENT_TARGET = 16.4;
				MTL_ENABLE_DEBUG_INFO = INCLUDE_SOURCE;
				MTL_FAST_MATH = YES;
				ONLY_ACTIVE_ARCH = YES;
				SDKROOT = iphoneos;
				SWIFT_ACTIVE_COMPILATION_CONDITIONS = DEBUG;
				SWIFT_OPTIMIZATION_LEVEL = "-Onone";
			};
			name = Debug;
		};
		846962302A9A836B00C68491 /* Release */ = {
			isa = XCBuildConfiguration;
			buildSettings = {
				ALWAYS_SEARCH_USER_PATHS = NO;
				CLANG_ANALYZER_NONNULL = YES;
				CLANG_ANALYZER_NUMBER_OBJECT_CONVERSION = YES_AGGRESSIVE;
				CLANG_CXX_LANGUAGE_STANDARD = "gnu++20";
				CLANG_ENABLE_MODULES = YES;
				CLANG_ENABLE_OBJC_ARC = YES;
				CLANG_ENABLE_OBJC_WEAK = YES;
				CLANG_WARN_BLOCK_CAPTURE_AUTORELEASING = YES;
				CLANG_WARN_BOOL_CONVERSION = YES;
				CLANG_WARN_COMMA = YES;
				CLANG_WARN_CONSTANT_CONVERSION = YES;
				CLANG_WARN_DEPRECATED_OBJC_IMPLEMENTATIONS = YES;
				CLANG_WARN_DIRECT_OBJC_ISA_USAGE = YES_ERROR;
				CLANG_WARN_DOCUMENTATION_COMMENTS = YES;
				CLANG_WARN_EMPTY_BODY = YES;
				CLANG_WARN_ENUM_CONVERSION = YES;
				CLANG_WARN_INFINITE_RECURSION = YES;
				CLANG_WARN_INT_CONVERSION = YES;
				CLANG_WARN_NON_LITERAL_NULL_CONVERSION = YES;
				CLANG_WARN_OBJC_IMPLICIT_RETAIN_SELF = YES;
				CLANG_WARN_OBJC_LITERAL_CONVERSION = YES;
				CLANG_WARN_OBJC_ROOT_CLASS = YES_ERROR;
				CLANG_WARN_QUOTED_INCLUDE_IN_FRAMEWORK_HEADER = YES;
				CLANG_WARN_RANGE_LOOP_ANALYSIS = YES;
				CLANG_WARN_STRICT_PROTOTYPES = YES;
				CLANG_WARN_SUSPICIOUS_MOVE = YES;
				CLANG_WARN_UNGUARDED_AVAILABILITY = YES_AGGRESSIVE;
				CLANG_WARN_UNREACHABLE_CODE = YES;
				CLANG_WARN__DUPLICATE_METHOD_MATCH = YES;
				COPY_PHASE_STRIP = NO;
				DEBUG_INFORMATION_FORMAT = "dwarf-with-dsym";
				ENABLE_NS_ASSERTIONS = NO;
				ENABLE_STRICT_OBJC_MSGSEND = YES;
				GCC_C_LANGUAGE_STANDARD = gnu11;
				GCC_NO_COMMON_BLOCKS = YES;
				GCC_WARN_64_TO_32_BIT_CONVERSION = YES;
				GCC_WARN_ABOUT_RETURN_TYPE = YES_ERROR;
				GCC_WARN_UNDECLARED_SELECTOR = YES;
				GCC_WARN_UNINITIALIZED_AUTOS = YES_AGGRESSIVE;
				GCC_WARN_UNUSED_FUNCTION = YES;
				GCC_WARN_UNUSED_VARIABLE = YES;
				IPHONEOS_DEPLOYMENT_TARGET = 16.4;
				MTL_ENABLE_DEBUG_INFO = NO;
				MTL_FAST_MATH = YES;
				SDKROOT = iphoneos;
				SWIFT_COMPILATION_MODE = wholemodule;
				SWIFT_OPTIMIZATION_LEVEL = "-O";
				VALIDATE_PRODUCT = YES;
			};
			name = Release;
		};
		846962322A9A836B00C68491 /* Debug */ = {
			isa = XCBuildConfiguration;
			buildSettings = {
				ASSETCATALOG_COMPILER_APPICON_NAME = AppIcon;
				ASSETCATALOG_COMPILER_GLOBAL_ACCENT_COLOR_NAME = AccentColor;
				CLANG_ENABLE_MODULES = YES;
				CODE_SIGN_ENTITLEMENTS = Parkify/Parkify.entitlements;
				CODE_SIGN_STYLE = Automatic;
				CURRENT_PROJECT_VERSION = 1;
				DEVELOPMENT_ASSET_PATHS = "\"Parkify/Parkify/Preview Content\"";
				DEVELOPMENT_TEAM = GYM2RX99U4;
				ENABLE_PREVIEWS = YES;
				GENERATE_INFOPLIST_FILE = YES;
				INFOPLIST_FILE = Parkify/Info.plist;
				INFOPLIST_KEY_LSApplicationCategoryType = "public.app-category.utilities";
				INFOPLIST_KEY_NSLocationWhenInUseUsageDescription = "to find parking spots";
				INFOPLIST_KEY_UIApplicationSceneManifest_Generation = YES;
				INFOPLIST_KEY_UIApplicationSupportsIndirectInputEvents = YES;
				INFOPLIST_KEY_UILaunchScreen_Generation = YES;
				INFOPLIST_KEY_UIStatusBarStyle = "";
				INFOPLIST_KEY_UISupportedInterfaceOrientations = UIInterfaceOrientationPortrait;
				INFOPLIST_KEY_UISupportedInterfaceOrientations_iPad = "UIInterfaceOrientationLandscapeLeft UIInterfaceOrientationLandscapeRight UIInterfaceOrientationPortrait UIInterfaceOrientationPortraitUpsideDown";
				IPHONEOS_DEPLOYMENT_TARGET = 14.0;
				LD_RUNPATH_SEARCH_PATHS = (
					"$(inherited)",
					"@executable_path/Frameworks",
				);
				MARKETING_VERSION = 0.1;
				PRODUCT_BUNDLE_IDENTIFIER = Parkify.Parkify;
				PRODUCT_NAME = "$(TARGET_NAME)";
				SWIFT_EMIT_LOC_STRINGS = YES;
				SWIFT_OBJC_BRIDGING_HEADER = "Parkify/Parkify-Bridging-Header.h";
				SWIFT_OPTIMIZATION_LEVEL = "-Onone";
				SWIFT_VERSION = 5.0;
				TARGETED_DEVICE_FAMILY = "1,2";
			};
			name = Debug;
		};
		846962332A9A836B00C68491 /* Release */ = {
			isa = XCBuildConfiguration;
			buildSettings = {
				ASSETCATALOG_COMPILER_APPICON_NAME = AppIcon;
				ASSETCATALOG_COMPILER_GLOBAL_ACCENT_COLOR_NAME = AccentColor;
				CLANG_ENABLE_MODULES = YES;
				CODE_SIGN_ENTITLEMENTS = Parkify/Parkify.entitlements;
				CODE_SIGN_STYLE = Automatic;
				CURRENT_PROJECT_VERSION = 1;
				DEVELOPMENT_ASSET_PATHS = "\"Parkify/Parkify/Preview Content\"";
				DEVELOPMENT_TEAM = GYM2RX99U4;
				ENABLE_PREVIEWS = YES;
				GENERATE_INFOPLIST_FILE = YES;
				INFOPLIST_FILE = Parkify/Info.plist;
				INFOPLIST_KEY_LSApplicationCategoryType = "public.app-category.utilities";
				INFOPLIST_KEY_NSLocationWhenInUseUsageDescription = "to find parking spots";
				INFOPLIST_KEY_UIApplicationSceneManifest_Generation = YES;
				INFOPLIST_KEY_UIApplicationSupportsIndirectInputEvents = YES;
				INFOPLIST_KEY_UILaunchScreen_Generation = YES;
				INFOPLIST_KEY_UIStatusBarStyle = "";
				INFOPLIST_KEY_UISupportedInterfaceOrientations = UIInterfaceOrientationPortrait;
				INFOPLIST_KEY_UISupportedInterfaceOrientations_iPad = "UIInterfaceOrientationLandscapeLeft UIInterfaceOrientationLandscapeRight UIInterfaceOrientationPortrait UIInterfaceOrientationPortraitUpsideDown";
				IPHONEOS_DEPLOYMENT_TARGET = 14.0;
				LD_RUNPATH_SEARCH_PATHS = (
					"$(inherited)",
					"@executable_path/Frameworks",
				);
				MARKETING_VERSION = 0.1;
				PRODUCT_BUNDLE_IDENTIFIER = Parkify.Parkify;
				PRODUCT_NAME = "$(TARGET_NAME)";
				SWIFT_EMIT_LOC_STRINGS = YES;
				SWIFT_OBJC_BRIDGING_HEADER = "Parkify/Parkify-Bridging-Header.h";
				SWIFT_OPTIMIZATION_LEVEL = "-O";
				SWIFT_VERSION = 5.0;
				TARGETED_DEVICE_FAMILY = "1,2";
			};
			name = Release;
		};
/* End XCBuildConfiguration section */

/* Begin XCConfigurationList section */
		846962082A9A836800C68491 /* Build configuration list for PBXProject "Parkify" */ = {
			isa = XCConfigurationList;
			buildConfigurations = (
				8469622F2A9A836B00C68491 /* Debug */,
				846962302A9A836B00C68491 /* Release */,
			);
			defaultConfigurationIsVisible = 0;
			defaultConfigurationName = Release;
		};
		846962312A9A836B00C68491 /* Build configuration list for PBXNativeTarget "Parkify" */ = {
			isa = XCConfigurationList;
			buildConfigurations = (
				846962322A9A836B00C68491 /* Debug */,
				846962332A9A836B00C68491 /* Release */,
			);
			defaultConfigurationIsVisible = 0;
			defaultConfigurationName = Release;
		};
/* End XCConfigurationList section */
	};
	rootObject = 846962052A9A836800C68491 /* Project object */;
}
